// !$*UTF8*$!
{
	archiveVersion = 1;
	classes = {
	};
	objectVersion = 70;
	objects = {

/* Begin PBXBuildFile section */
		0623DDEF138C346D2B459596 /* TrendChartView.swift in Sources */ = {isa = PBXBuildFile; fileRef = 97F2F799247C6E3C22DFB11D /* TrendChartView.swift */; };
		0745304541CC789DE9CAECA8 /* PDFBuilder.swift in Sources */ = {isa = PBXBuildFile; fileRef = 4A51F97BA927E7299C9A1B07 /* PDFBuilder.swift */; };
		1382864E5B8432AD840590BD /* HistoryView.swift in Sources */ = {isa = PBXBuildFile; fileRef = FF69CCB307CE7D5B6C39FDC1 /* HistoryView.swift */; };
		1C70D1D1A3D941C21FB5FFAD /* WeeklyReviewViewModel.swift in Sources */ = {isa = PBXBuildFile; fileRef = C7E81365F433003269081917 /* WeeklyReviewViewModel.swift */; };
		1D96522AE7200D9F795F68E8 /* NotificationService.swift in Sources */ = {isa = PBXBuildFile; fileRef = A292713D8D2930BB2E51C28C /* NotificationService.swift */; };
		20230AD97F5885D21E64CA05 /* View+Extensions.swift in Sources */ = {isa = PBXBuildFile; fileRef = 0D51242137B1F8597625745E /* View+Extensions.swift */; };
		23239E42D1F3B3CA44C8ECEF /* Charts in Frameworks */ = {isa = PBXBuildFile; fileRef = D6A78715684ABBEB502D55E2 /* Charts */; };
		233F59322A7A81F6487EF3DF /* InsightsView.swift in Sources */ = {isa = PBXBuildFile; fileRef = 445D893A69E7D38B6B8C7E75 /* InsightsView.swift */; };
		2549A45C2FC8EF0A006CD546 /* Assets.xcassets in Resources */ = {isa = PBXBuildFile; fileRef = 2549A45B2FC8EF0A006CD546 /* Assets.xcassets */; };
		25762D172FEDD6A000A132C8 /* WidgetKit.framework in Frameworks */ = {isa = PBXBuildFile; fileRef = 25762D162FEDD6A000A132C8 /* WidgetKit.framework */; };
		25762D192FEDD6A000A132C8 /* SwiftUI.framework in Frameworks */ = {isa = PBXBuildFile; fileRef = 25762D182FEDD6A000A132C8 /* SwiftUI.framework */; };
		25762D262FEDD6A100A132C8 /* CadenceWidgetExtension.appex in Embed Foundation Extensions */ = {isa = PBXBuildFile; fileRef = 25762D152FEDD6A000A132C8 /* CadenceWidgetExtension.appex */; settings = {ATTRIBUTES = (RemoveHeadersOnCopy, ); }; };
		2E030EDD7DE7E2C321D0B7DE /* DailyLogView.swift in Sources */ = {isa = PBXBuildFile; fileRef = EA2C9315ED942B187FB6B889 /* DailyLogView.swift */; };
		30D5FC0958DF5823D7D5A9D6 /* WeeklyReview.swift in Sources */ = {isa = PBXBuildFile; fileRef = F477B83B1C570CD91200BB18 /* WeeklyReview.swift */; };
		3831F66F2CF40135C9718707 /* SymptomTag.swift in Sources */ = {isa = PBXBuildFile; fileRef = 0B648EA00AEBF0DFCC18871A /* SymptomTag.swift */; };
		3A33703C608D9B41673CD755 /* MetricSlider.swift in Sources */ = {isa = PBXBuildFile; fileRef = E5E9C09A264DBCDC2F0DFEFA /* MetricSlider.swift */; };
		3D207A23376DB2750B758A61 /* DailyLog.swift in Sources */ = {isa = PBXBuildFile; fileRef = 990D941EB5FC46F95C213CEE /* DailyLog.swift */; };
		455141101502412D92E7CB50 /* ServiceProtocols.swift in Sources */ = {isa = PBXBuildFile; fileRef = 493F590706A348D0857DA49A /* ServiceProtocols.swift */; };
		46261271D23E287938897B70 /* DailyLogViewModel.swift in Sources */ = {isa = PBXBuildFile; fileRef = 1622C330943A74E15575A681 /* DailyLogViewModel.swift */; };
		4B6391ABC53847B082A5D7CB /* OnboardingView.swift in Sources */ = {isa = PBXBuildFile; fileRef = 8AB8956A0FB74B69BE644D59 /* OnboardingView.swift */; };
		4F352F41B25B06C32AA0BC05 /* Constants.swift in Sources */ = {isa = PBXBuildFile; fileRef = D55E0D4A1C0EC289C9F389C4 /* Constants.swift */; };
		51FDD5A6B4B6AD32AA8C1FC3 /* PDFKit in Frameworks */ = {isa = PBXBuildFile; fileRef = E7E30F7C88B6A00D34FE6223 /* PDFKit */; };
		593B150FEF1DA99C3B9F0E13 /* PromptCardView.swift in Sources */ = {isa = PBXBuildFile; fileRef = 11A96675ADF9BC9D5E22B8EC /* PromptCardView.swift */; };
		6AF523BB7E4550CF5533CCE1 /* InsightsViewModel.swift in Sources */ = {isa = PBXBuildFile; fileRef = DCD1D6BAE9337E36C2D398B6 /* InsightsViewModel.swift */; };
		6E176FA37AEA37AB2AC82BBD /* HealthKit in Frameworks */ = {isa = PBXBuildFile; fileRef = ADCC6B77E8E1D5DB3D6A5BDA /* HealthKit */; };
		8002299E6F1762F96BCC2BCD /* DashboardViewModel.swift in Sources */ = {isa = PBXBuildFile; fileRef = 4E79E8D29A40DF8EC23AE638 /* DashboardViewModel.swift */; };
		88527D20AE2EA816F5769F78 /* StoreKit in Frameworks */ = {isa = PBXBuildFile; fileRef = 8F825BAF03150A00C8047D70 /* StoreKit */; };
		8BACA2ACB2FA242E3AD7EEAF /* UserNotifications in Frameworks */ = {isa = PBXBuildFile; fileRef = 54EC79110025DF66E8C1F0A7 /* UserNotifications */; };
		9007904B6F984195944DC622 /* EnvironmentValues+Services.swift in Sources */ = {isa = PBXBuildFile; fileRef = 5D8C849E3B044CB78A9DB7B5 /* EnvironmentValues+Services.swift */; };
		9B471578B10D71BD04E4D8EC /* SwiftData in Frameworks */ = {isa = PBXBuildFile; fileRef = EB8A65FA882473E559C0012B /* SwiftData */; };
		A23AD9351A5BCD460DCFD6BA /* Foundation.framework in Frameworks */ = {isa = PBXBuildFile; fileRef = ABD3C5951CAE74F5C1693742 /* Foundation.framework */; };
		AA11BB22CC33DD44EE55FF61 /* PatternEngineTests.swift in Sources */ = {isa = PBXBuildFile; fileRef = AA11BB22CC33DD44EE55FF01 /* PatternEngineTests.swift */; };
		AA11BB22CC33DD44EE55FF62 /* StoreServiceTests.swift in Sources */ = {isa = PBXBuildFile; fileRef = AA11BB22CC33DD44EE55FF02 /* StoreServiceTests.swift */; };
		AA11BB22CC33DD44EE55FF63 /* SchemaMigrationTests.swift in Sources */ = {isa = PBXBuildFile; fileRef = AA11BB22CC33DD44EE55FF03 /* SchemaMigrationTests.swift */; };
		AA11BB22CC33DD44EE55FF64 /* HealthKitServiceTests.swift in Sources */ = {isa = PBXBuildFile; fileRef = AA11BB22CC33DD44EE55FF04 /* HealthKitServiceTests.swift */; };
		AA11BB22CC33DD44EE55FF66 /* ViewModelSaveTests.swift in Sources */ = {isa = PBXBuildFile; fileRef = AA11BB22CC33DD44EE55FF06 /* ViewModelSaveTests.swift */; };
		AA11BB22CC33DD44EE55FF67 /* NotificationServiceTests.swift in Sources */ = {isa = PBXBuildFile; fileRef = AA11BB22CC33DD44EE55FF07 /* NotificationServiceTests.swift */; };
		AABBCCDD0000000000000201 /* Medication.swift in Sources */ = {isa = PBXBuildFile; fileRef = AABBCCDD0000000000000101 /* Medication.swift */; };
		AABBCCDD0000000000000202 /* MedicationsView.swift in Sources */ = {isa = PBXBuildFile; fileRef = AABBCCDD0000000000000102 /* MedicationsView.swift */; };
		AABBCCDD0000000000000203 /* Flare.swift in Sources */ = {isa = PBXBuildFile; fileRef = AABBCCDD0000000000000103 /* Flare.swift */; };
		AABBCCDD0000000000000204 /* FlaresView.swift in Sources */ = {isa = PBXBuildFile; fileRef = AABBCCDD0000000000000104 /* FlaresView.swift */; };
		AABBCCDD0000000000000205 /* CustomTracker.swift in Sources */ = {isa = PBXBuildFile; fileRef = AABBCCDD0000000000000105 /* CustomTracker.swift */; };
		AABBCCDD0000000000000206 /* CustomTrackersView.swift in Sources */ = {isa = PBXBuildFile; fileRef = AABBCCDD0000000000000106 /* CustomTrackersView.swift */; };
		AABBCCDD0000000000000207 /* CSVBuilder.swift in Sources */ = {isa = PBXBuildFile; fileRef = AABBCCDD0000000000000107 /* CSVBuilder.swift */; };
		AABBCCDD0000000000000208 /* InsightRecord.swift in Sources */ = {isa = PBXBuildFile; fileRef = AABBCCDD0000000000000108 /* InsightRecord.swift */; };
		AABBCCDD0000000000000209 /* InsightRecorder.swift in Sources */ = {isa = PBXBuildFile; fileRef = AABBCCDD0000000000000109 /* InsightRecorder.swift */; };
		AABBCCDD000000000000020A /* InsightHistoryView.swift in Sources */ = {isa = PBXBuildFile; fileRef = AABBCCDD000000000000010A /* InsightHistoryView.swift */; };
		AABBCCDD000000000000020B /* Attachment.swift in Sources */ = {isa = PBXBuildFile; fileRef = AABBCCDD000000000000010B /* Attachment.swift */; };
		AABBCCDD000000000000020C /* AttachmentStore.swift in Sources */ = {isa = PBXBuildFile; fileRef = AABBCCDD000000000000010C /* AttachmentStore.swift */; };
		AABBCCDD000000000000020D /* VoiceNote.swift in Sources */ = {isa = PBXBuildFile; fileRef = AABBCCDD000000000000010D /* VoiceNote.swift */; };
		AABBCCDD000000000000020E /* WidgetData.swift in Sources */ = {isa = PBXBuildFile; fileRef = AABBCCDD000000000000010E /* WidgetData.swift */; };
		B52AE232D80E6360C8C86490 /* SymptomPickerView.swift in Sources */ = {isa = PBXBuildFile; fileRef = B5792500A97EE8C382CEFDD9 /* SymptomPickerView.swift */; };
		B6B76E4EF6D92F7B5179ADC8 /* WeeklyReviewView.swift in Sources */ = {isa = PBXBuildFile; fileRef = 680C40C33549B696DF6BA3A5 /* WeeklyReviewView.swift */; };
		B6EB3F0F0BE48CBDC5D5BA4A /* SwiftUI in Frameworks */ = {isa = PBXBuildFile; fileRef = A0D01DD5A2B033204335261E /* SwiftUI */; };
		BB6405EE18F6B6D698226AB6 /* LogInputFlow.swift in Sources */ = {isa = PBXBuildFile; fileRef = AF1F493DB10A7FFE2F5A4863 /* LogInputFlow.swift */; };
		C49760CE40DE564E9402A446 /* CadenceApp.swift in Sources */ = {isa = PBXBuildFile; fileRef = 5C4C885C564C706B8D84B907 /* CadenceApp.swift */; };
		C7A67B11D453A48F3C8FD239 /* SettingsView.swift in Sources */ = {isa = PBXBuildFile; fileRef = C644D07CF96C2AFA00637E3B /* SettingsView.swift */; };
		C7F20E34EA5B3C5F84042DA4 /* AppState.swift in Sources */ = {isa = PBXBuildFile; fileRef = C91AC27A765654C1A1DFFBD5 /* AppState.swift */; };
		CCAADDEE00000000000000B1 /* Localizable.xcstrings in Resources */ = {isa = PBXBuildFile; fileRef = CCAADDEE00000000000000F1 /* Localizable.xcstrings */; };
		D34167FEC6764BB077D2EC46 /* PatternEngine.swift in Sources */ = {isa = PBXBuildFile; fileRef = 3F0989CA66FE09F78B729A4E /* PatternEngine.swift */; };
		D45ECE5968E07CA77E8B26D5 /* StoreService.swift in Sources */ = {isa = PBXBuildFile; fileRef = 7F51B62D7D39FC0309276D9D /* StoreService.swift */; };
		D7C825C8710DDE261D377518 /* HealthKitService.swift in Sources */ = {isa = PBXBuildFile; fileRef = 1A7F46C62532314DD37DC860 /* HealthKitService.swift */; };
		D7F560CFF67830EE4B7964D0 /* ExportView.swift in Sources */ = {isa = PBXBuildFile; fileRef = 20317D6C051870F466BF81F7 /* ExportView.swift */; };
		E1B2C3D4F5A6B7C8D9E0F1A2 /* ProPaywallView.swift in Sources */ = {isa = PBXBuildFile; fileRef = A1B2C3D4E5F6A7B8C9D0E1F2 /* ProPaywallView.swift */; };
		E66B7D4A5BF69E6B35416140 /* ReviewFlowView.swift in Sources */ = {isa = PBXBuildFile; fileRef = 1C82A14983F2F53FA4220A9E /* ReviewFlowView.swift */; };
		F5A197BE0882ED0B9566160F /* DashboardView.swift in Sources */ = {isa = PBXBuildFile; fileRef = F2D16D6D99B17D8C2E042D3F /* DashboardView.swift */; };
/* End PBXBuildFile section */

/* Begin PBXContainerItemProxy section */
		25762D242FEDD6A100A132C8 /* PBXContainerItemProxy */ = {
			isa = PBXContainerItemProxy;
			containerPortal = 9E1F3F9027B3FBC8AA55CA8E /* Project object */;
			proxyType = 1;
			remoteGlobalIDString = 25762D142FEDD6A000A132C8;
			remoteInfo = CadenceWidgetExtension;
		};
		AA11BB22CC33DD44EE55FF70 /* PBXContainerItemProxy */ = {
			isa = PBXContainerItemProxy;
			containerPortal = 9E1F3F9027B3FBC8AA55CA8E /* Project object */;
			proxyType = 1;
			remoteGlobalIDString = B4DC90E61DEB4E78C2EE8C78;
			remoteInfo = Cadence;
		};
/* End PBXContainerItemProxy section */

/* Begin PBXCopyFilesBuildPhase section */
		25762D272FEDD6A100A132C8 /* Embed Foundation Extensions */ = {
			isa = PBXCopyFilesBuildPhase;
			buildActionMask = 2147483647;
			dstPath = "";
			dstSubfolderSpec = 13;
			files = (
				25762D262FEDD6A100A132C8 /* CadenceWidgetExtension.appex in Embed Foundation Extensions */,
			);
			name = "Embed Foundation Extensions";
			runOnlyForDeploymentPostprocessing = 0;
		};
/* End PBXCopyFilesBuildPhase section */

/* Begin PBXFileReference section */
		0B648EA00AEBF0DFCC18871A /* SymptomTag.swift */ = {isa = PBXFileReference; includeInIndex = 1; lastKnownFileType = sourcecode.swift; name = SymptomTag.swift; path = ./Cadence/Models/SymptomTag.swift; sourceTree = "<absolute>"; };
		0D51242137B1F8597625745E /* View+Extensions.swift */ = {isa = PBXFileReference; includeInIndex = 1; lastKnownFileType = sourcecode.swift; name = "View+Extensions.swift"; path = "./Cadence/Shared/Extensions/View+Extensions.swift"; sourceTree = "<absolute>"; };
		11A96675ADF9BC9D5E22B8EC /* PromptCardView.swift */ = {isa = PBXFileReference; includeInIndex = 1; lastKnownFileType = sourcecode.swift; name = PromptCardView.swift; path = ./Cadence/Features/WeeklyReview/PromptCardView.swift; sourceTree = "<absolute>"; };
		1622C330943A74E15575A681 /* DailyLogViewModel.swift */ = {isa = PBXFileReference; includeInIndex = 1; lastKnownFileType = sourcecode.swift; name = DailyLogViewModel.swift; path = ./Cadence/Features/DailyLog/DailyLogViewModel.swift; sourceTree = "<absolute>"; };
		1A7F46C62532314DD37DC860 /* HealthKitService.swift */ = {isa = PBXFileReference; includeInIndex = 1; lastKnownFileType = sourcecode.swift; name = HealthKitService.swift; path = ./Cadence/Services/HealthKitService.swift; sourceTree = "<absolute>"; };
		1C82A14983F2F53FA4220A9E /* ReviewFlowView.swift */ = {isa = PBXFileReference; includeInIndex = 1; lastKnownFileType = sourcecode.swift; name = ReviewFlowView.swift; path = ./Cadence/Features/WeeklyReview/ReviewFlowView.swift; sourceTree = "<absolute>"; };
		20317D6C051870F466BF81F7 /* ExportView.swift */ = {isa = PBXFileReference; includeInIndex = 1; lastKnownFileType = sourcecode.swift; name = ExportView.swift; path = ./Cadence/Features/Export/ExportView.swift; sourceTree = "<absolute>"; };
		2549A45A2FC8ED8D006CD546 /* Cadence.entitlements */ = {isa = PBXFileReference; lastKnownFileType = text.plist.entitlements; path = Cadence.entitlements; sourceTree = "<group>"; };
		2549A45B2FC8EF0A006CD546 /* Assets.xcassets */ = {isa = PBXFileReference; lastKnownFileType = folder.assetcatalog; name = Assets.xcassets; path = Cadence/Assets.xcassets; sourceTree = "<group>"; };
		25762D152FEDD6A000A132C8 /* CadenceWidgetExtension.appex */ = {isa = PBXFileReference; explicitFileType = "wrapper.app-extension"; includeInIndex = 0; path = CadenceWidgetExtension.appex; sourceTree = BUILT_PRODUCTS_DIR; };
		25762D162FEDD6A000A132C8 /* WidgetKit.framework */ = {isa = PBXFileReference; lastKnownFileType = wrapper.framework; name = WidgetKit.framework; path = System/Library/Frameworks/WidgetKit.framework; sourceTree = SDKROOT; };
		25762D182FEDD6A000A132C8 /* SwiftUI.framework */ = {isa = PBXFileReference; lastKnownFileType = wrapper.framework; name = SwiftUI.framework; path = System/Library/Frameworks/SwiftUI.framework; sourceTree = SDKROOT; };
		25762D602FEDDCD400A132C8 /* CadenceWidgetExtension.entitlements */ = {isa = PBXFileReference; lastKnownFileType = text.plist.entitlements; path = CadenceWidgetExtension.entitlements; sourceTree = "<group>"; };
		26D33A415B0A6E15E6DA6EA9 /* Info.plist */ = {isa = PBXFileReference; includeInIndex = 1; lastKnownFileType = text.plist.xml; name = Info.plist; path = ./Cadence/App/Info.plist; sourceTree = "<absolute>"; };
		3F0989CA66FE09F78B729A4E /* PatternEngine.swift */ = {isa = PBXFileReference; includeInIndex = 1; lastKnownFileType = sourcecode.swift; name = PatternEngine.swift; path = ./Cadence/Services/PatternEngine.swift; sourceTree = "<absolute>"; };
		445D893A69E7D38B6B8C7E75 /* InsightsView.swift */ = {isa = PBXFileReference; includeInIndex = 1; lastKnownFileType = sourcecode.swift; name = InsightsView.swift; path = ./Cadence/Features/Insights/InsightsView.swift; sourceTree = "<absolute>"; };
		493F590706A348D0857DA49A /* ServiceProtocols.swift */ = {isa = PBXFileReference; includeInIndex = 1; lastKnownFileType = sourcecode.swift; name = ServiceProtocols.swift; path = ./Cadence/Services/ServiceProtocols.swift; sourceTree = "<absolute>"; };
		4A51F97BA927E7299C9A1B07 /* PDFBuilder.swift */ = {isa = PBXFileReference; includeInIndex = 1; lastKnownFileType = sourcecode.swift; name = PDFBuilder.swift; path = ./Cadence/Features/Export/PDFBuilder.swift; sourceTree = "<absolute>"; };
		4E79E8D29A40DF8EC23AE638 /* DashboardViewModel.swift */ = {isa = PBXFileReference; includeInIndex = 1; lastKnownFileType = sourcecode.swift; name = DashboardViewModel.swift; path = ./Cadence/Features/Dashboard/DashboardViewModel.swift; sourceTree = "<absolute>"; };
		54EC79110025DF66E8C1F0A7 /* UserNotifications */ = {isa = PBXFileReference; lastKnownFileType = wrapper.framework; name = UserNotifications; path = System/Library/Frameworks/UserNotifications.framework; sourceTree = SDKROOT; };
		5C4C885C564C706B8D84B907 /* CadenceApp.swift */ = {isa = PBXFileReference; includeInIndex = 1; lastKnownFileType = sourcecode.swift; name = CadenceApp.swift; path = ./Cadence/App/CadenceApp.swift; sourceTree = "<absolute>"; };
		5D8C849E3B044CB78A9DB7B5 /* EnvironmentValues+Services.swift */ = {isa = PBXFileReference; includeInIndex = 1; lastKnownFileType = sourcecode.swift; name = "EnvironmentValues+Services.swift"; path = "./Cadence/Shared/Extensions/EnvironmentValues+Services.swift"; sourceTree = "<absolute>"; };
		680C40C33549B696DF6BA3A5 /* WeeklyReviewView.swift */ = {isa = PBXFileReference; includeInIndex = 1; lastKnownFileType = sourcecode.swift; name = WeeklyReviewView.swift; path = ./Cadence/Features/WeeklyReview/WeeklyReviewView.swift; sourceTree = "<absolute>"; };
		7F51B62D7D39FC0309276D9D /* StoreService.swift */ = {isa = PBXFileReference; includeInIndex = 1; lastKnownFileType = sourcecode.swift; name = StoreService.swift; path = ./Cadence/Services/StoreService.swift; sourceTree = "<absolute>"; };
		8AB8956A0FB74B69BE644D59 /* OnboardingView.swift */ = {isa = PBXFileReference; includeInIndex = 1; lastKnownFileType = sourcecode.swift; name = OnboardingView.swift; path = ./Cadence/Features/Onboarding/OnboardingView.swift; sourceTree = "<absolute>"; };
		8F825BAF03150A00C8047D70 /* StoreKit */ = {isa = PBXFileReference; lastKnownFileType = wrapper.framework; name = StoreKit; path = System/Library/Frameworks/StoreKit.framework; sourceTree = SDKROOT; };
		97F2F799247C6E3C22DFB11D /* TrendChartView.swift */ = {isa = PBXFileReference; includeInIndex = 1; lastKnownFileType = sourcecode.swift; name = TrendChartView.swift; path = ./Cadence/Features/Insights/TrendChartView.swift; sourceTree = "<absolute>"; };
		990D941EB5FC46F95C213CEE /* DailyLog.swift */ = {isa = PBXFileReference; includeInIndex = 1; lastKnownFileType = sourcecode.swift; name = DailyLog.swift; path = ./Cadence/Models/DailyLog.swift; sourceTree = "<absolute>"; };
		A0D01DD5A2B033204335261E /* SwiftUI */ = {isa = PBXFileReference; lastKnownFileType = wrapper.framework; name = SwiftUI; path = System/Library/Frameworks/SwiftUI.framework; sourceTree = SDKROOT; };
		A1B2C3D4E5F6A7B8C9D0E1F2 /* ProPaywallView.swift */ = {isa = PBXFileReference; includeInIndex = 1; lastKnownFileType = sourcecode.swift; name = ProPaywallView.swift; path = ./Cadence/Features/Settings/ProPaywallView.swift; sourceTree = "<absolute>"; };
		A292713D8D2930BB2E51C28C /* NotificationService.swift */ = {isa = PBXFileReference; includeInIndex = 1; lastKnownFileType = sourcecode.swift; name = NotificationService.swift; path = ./Cadence/Services/NotificationService.swift; sourceTree = "<absolute>"; };
		A54B34C3966B1BD7CE976D7F /* Cadence.app */ = {isa = PBXFileReference; explicitFileType = wrapper.application; includeInIndex = 0; path = Cadence.app; sourceTree = BUILT_PRODUCTS_DIR; };
		AA11BB22CC33DD44EE55FF01 /* PatternEngineTests.swift */ = {isa = PBXFileReference; includeInIndex = 1; lastKnownFileType = sourcecode.swift; name = PatternEngineTests.swift; path = /Volumes/APFS2/SwiftPorjects/Cadence/CadenceTests/PatternEngineTests.swift; sourceTree = "<absolute>"; };
		AA11BB22CC33DD44EE55FF02 /* StoreServiceTests.swift */ = {isa = PBXFileReference; includeInIndex = 1; lastKnownFileType = sourcecode.swift; name = StoreServiceTests.swift; path = /Volumes/APFS2/SwiftPorjects/Cadence/CadenceTests/StoreServiceTests.swift; sourceTree = "<absolute>"; };
		AA11BB22CC33DD44EE55FF03 /* SchemaMigrationTests.swift */ = {isa = PBXFileReference; includeInIndex = 1; lastKnownFileType = sourcecode.swift; name = SchemaMigrationTests.swift; path = /Volumes/APFS2/SwiftPorjects/Cadence/CadenceTests/SchemaMigrationTests.swift; sourceTree = "<absolute>"; };
		AA11BB22CC33DD44EE55FF04 /* HealthKitServiceTests.swift */ = {isa = PBXFileReference; includeInIndex = 1; lastKnownFileType = sourcecode.swift; name = HealthKitServiceTests.swift; path = /Volumes/APFS2/SwiftPorjects/Cadence/CadenceTests/HealthKitServiceTests.swift; sourceTree = "<absolute>"; };
		AA11BB22CC33DD44EE55FF05 /* CadenceTests.xctest */ = {isa = PBXFileReference; explicitFileType = wrapper.cfbundle; includeInIndex = 0; path = CadenceTests.xctest; sourceTree = BUILT_PRODUCTS_DIR; };
		AA11BB22CC33DD44EE55FF06 /* ViewModelSaveTests.swift */ = {isa = PBXFileReference; includeInIndex = 1; lastKnownFileType = sourcecode.swift; name = ViewModelSaveTests.swift; path = /Volumes/APFS2/SwiftPorjects/Cadence/CadenceTests/ViewModelSaveTests.swift; sourceTree = "<absolute>"; };
		AA11BB22CC33DD44EE55FF07 /* NotificationServiceTests.swift */ = {isa = PBXFileReference; includeInIndex = 1; lastKnownFileType = sourcecode.swift; name = NotificationServiceTests.swift; path = /Volumes/APFS2/SwiftPorjects/Cadence/CadenceTests/NotificationServiceTests.swift; sourceTree = "<absolute>"; };
		AABBCCDD0000000000000101 /* Medication.swift */ = {isa = PBXFileReference; includeInIndex = 1; lastKnownFileType = sourcecode.swift; name = Medication.swift; path = ./Cadence/Models/Medication.swift; sourceTree = "<absolute>"; };
		AABBCCDD0000000000000102 /* MedicationsView.swift */ = {isa = PBXFileReference; includeInIndex = 1; lastKnownFileType = sourcecode.swift; name = MedicationsView.swift; path = ./Cadence/Features/Settings/MedicationsView.swift; sourceTree = "<absolute>"; };
		AABBCCDD0000000000000103 /* Flare.swift */ = {isa = PBXFileReference; includeInIndex = 1; lastKnownFileType = sourcecode.swift; name = Flare.swift; path = ./Cadence/Models/Flare.swift; sourceTree = "<absolute>"; };
		AABBCCDD0000000000000104 /* FlaresView.swift */ = {isa = PBXFileReference; includeInIndex = 1; lastKnownFileType = sourcecode.swift; name = FlaresView.swift; path = ./Cadence/Features/Settings/FlaresView.swift; sourceTree = "<absolute>"; };
		AABBCCDD0000000000000105 /* CustomTracker.swift */ = {isa = PBXFileReference; includeInIndex = 1; lastKnownFileType = sourcecode.swift; name = CustomTracker.swift; path = ./Cadence/Models/CustomTracker.swift; sourceTree = "<absolute>"; };
		AABBCCDD0000000000000106 /* CustomTrackersView.swift */ = {isa = PBXFileReference; includeInIndex = 1; lastKnownFileType = sourcecode.swift; name = CustomTrackersView.swift; path = ./Cadence/Features/Settings/CustomTrackersView.swift; sourceTree = "<absolute>"; };
		AABBCCDD0000000000000107 /* CSVBuilder.swift */ = {isa = PBXFileReference; includeInIndex = 1; lastKnownFileType = sourcecode.swift; name = CSVBuilder.swift; path = ./Cadence/Features/Export/CSVBuilder.swift; sourceTree = "<absolute>"; };
		AABBCCDD0000000000000108 /* InsightRecord.swift */ = {isa = PBXFileReference; includeInIndex = 1; lastKnownFileType = sourcecode.swift; name = InsightRecord.swift; path = ./Cadence/Models/InsightRecord.swift; sourceTree = "<absolute>"; };
		AABBCCDD0000000000000109 /* InsightRecorder.swift */ = {isa = PBXFileReference; includeInIndex = 1; lastKnownFileType = sourcecode.swift; name = InsightRecorder.swift; path = ./Cadence/Services/InsightRecorder.swift; sourceTree = "<absolute>"; };
		AABBCCDD000000000000010A /* InsightHistoryView.swift */ = {isa = PBXFileReference; includeInIndex = 1; lastKnownFileType = sourcecode.swift; name = InsightHistoryView.swift; path = ./Cadence/Features/Insights/InsightHistoryView.swift; sourceTree = "<absolute>"; };
		AABBCCDD000000000000010B /* Attachment.swift */ = {isa = PBXFileReference; includeInIndex = 1; lastKnownFileType = sourcecode.swift; name = Attachment.swift; path = ./Cadence/Models/Attachment.swift; sourceTree = "<absolute>"; };
		AABBCCDD000000000000010C /* AttachmentStore.swift */ = {isa = PBXFileReference; includeInIndex = 1; lastKnownFileType = sourcecode.swift; name = AttachmentStore.swift; path = ./Cadence/Services/AttachmentStore.swift; sourceTree = "<absolute>"; };
		AABBCCDD000000000000010D /* VoiceNote.swift */ = {isa = PBXFileReference; includeInIndex = 1; lastKnownFileType = sourcecode.swift; name = VoiceNote.swift; path = ./Cadence/Features/DailyLog/VoiceNote.swift; sourceTree = "<absolute>"; };
		AABBCCDD000000000000010E /* WidgetData.swift */ = {isa = PBXFileReference; includeInIndex = 1; lastKnownFileType = sourcecode.swift; name = WidgetData.swift; path = ./CadenceWidget/WidgetData.swift; sourceTree = "<absolute>"; };
		ABD3C5951CAE74F5C1693742 /* Foundation.framework */ = {isa = PBXFileReference; lastKnownFileType = wrapper.framework; name = Foundation.framework; path = Platforms/iPhoneOS.platform/Developer/SDKs/iPhoneOS18.0.sdk/System/Library/Frameworks/Foundation.framework; sourceTree = DEVELOPER_DIR; };
		ADCC6B77E8E1D5DB3D6A5BDA /* HealthKit */ = {isa = PBXFileReference; lastKnownFileType = wrapper.framework; name = HealthKit; path = System/Library/Frameworks/HealthKit.framework; sourceTree = SDKROOT; };
		AF1F493DB10A7FFE2F5A4863 /* LogInputFlow.swift */ = {isa = PBXFileReference; includeInIndex = 1; lastKnownFileType = sourcecode.swift; name = LogInputFlow.swift; path = ./Cadence/Features/DailyLog/LogInputFlow.swift; sourceTree = "<absolute>"; };
		B5792500A97EE8C382CEFDD9 /* SymptomPickerView.swift */ = {isa = PBXFileReference; includeInIndex = 1; lastKnownFileType = sourcecode.swift; name = SymptomPickerView.swift; path = ./Cadence/Features/DailyLog/SymptomPickerView.swift; sourceTree = "<absolute>"; };
		C644D07CF96C2AFA00637E3B /* SettingsView.swift */ = {isa = PBXFileReference; includeInIndex = 1; lastKnownFileType = sourcecode.swift; name = SettingsView.swift; path = ./Cadence/Features/Settings/SettingsView.swift; sourceTree = "<absolute>"; };
		C7E81365F433003269081917 /* WeeklyReviewViewModel.swift */ = {isa = PBXFileReference; includeInIndex = 1; lastKnownFileType = sourcecode.swift; name = WeeklyReviewViewModel.swift; path = ./Cadence/Features/WeeklyReview/WeeklyReviewViewModel.swift; sourceTree = "<absolute>"; };
		C91AC27A765654C1A1DFFBD5 /* AppState.swift */ = {isa = PBXFileReference; includeInIndex = 1; lastKnownFileType = sourcecode.swift; name = AppState.swift; path = ./Cadence/App/AppState.swift; sourceTree = "<absolute>"; };
		CCAADDEE00000000000000F1 /* Localizable.xcstrings */ = {isa = PBXFileReference; lastKnownFileType = text.json.xcstrings; name = Localizable.xcstrings; path = Cadence/Localizable.xcstrings; sourceTree = "<group>"; };
		D55E0D4A1C0EC289C9F389C4 /* Constants.swift */ = {isa = PBXFileReference; includeInIndex = 1; lastKnownFileType = sourcecode.swift; name = Constants.swift; path = ./Cadence/Shared/Constants.swift; sourceTree = "<absolute>"; };
		D6A78715684ABBEB502D55E2 /* Charts */ = {isa = PBXFileReference; lastKnownFileType = wrapper.framework; name = Charts; path = System/Library/Frameworks/Charts.framework; sourceTree = SDKROOT; };
		DCD1D6BAE9337E36C2D398B6 /* InsightsViewModel.swift */ = {isa = PBXFileReference; includeInIndex = 1; lastKnownFileType = sourcecode.swift; name = InsightsViewModel.swift; path = ./Cadence/Features/Insights/InsightsViewModel.swift; sourceTree = "<absolute>"; };
		E5E9C09A264DBCDC2F0DFEFA /* MetricSlider.swift */ = {isa = PBXFileReference; includeInIndex = 1; lastKnownFileType = sourcecode.swift; name = MetricSlider.swift; path = ./Cadence/Shared/Components/MetricSlider.swift; sourceTree = "<absolute>"; };
		E7E30F7C88B6A00D34FE6223 /* PDFKit */ = {isa = PBXFileReference; lastKnownFileType = wrapper.framework; name = PDFKit; path = System/Library/Frameworks/PDFKit.framework; sourceTree = SDKROOT; };
		EA2C9315ED942B187FB6B889 /* DailyLogView.swift */ = {isa = PBXFileReference; includeInIndex = 1; lastKnownFileType = sourcecode.swift; name = DailyLogView.swift; path = ./Cadence/Features/DailyLog/DailyLogView.swift; sourceTree = "<absolute>"; };
		EB8A65FA882473E559C0012B /* SwiftData */ = {isa = PBXFileReference; lastKnownFileType = wrapper.framework; name = SwiftData; path = System/Library/Frameworks/SwiftData.framework; sourceTree = SDKROOT; };
		F2D16D6D99B17D8C2E042D3F /* DashboardView.swift */ = {isa = PBXFileReference; includeInIndex = 1; lastKnownFileType = sourcecode.swift; name = DashboardView.swift; path = ./Cadence/Features/Dashboard/DashboardView.swift; sourceTree = "<absolute>"; };
		F477B83B1C570CD91200BB18 /* WeeklyReview.swift */ = {isa = PBXFileReference; includeInIndex = 1; lastKnownFileType = sourcecode.swift; name = WeeklyReview.swift; path = ./Cadence/Models/WeeklyReview.swift; sourceTree = "<absolute>"; };
		FF69CCB307CE7D5B6C39FDC1 /* HistoryView.swift */ = {isa = PBXFileReference; includeInIndex = 1; lastKnownFileType = sourcecode.swift; name = HistoryView.swift; path = ./Cadence/Features/History/HistoryView.swift; sourceTree = "<absolute>"; };
/* End PBXFileReference section */

/* Begin PBXFileSystemSynchronizedBuildFileExceptionSet section */
		25762D2A2FEDD6A100A132C8 /* PBXFileSystemSynchronizedBuildFileExceptionSet */ = {
			isa = PBXFileSystemSynchronizedBuildFileExceptionSet;
			membershipExceptions = (
				Info.plist,
			);
			target = 25762D142FEDD6A000A132C8 /* CadenceWidgetExtension */;
		};
/* End PBXFileSystemSynchronizedBuildFileExceptionSet section */

/* Begin PBXFileSystemSynchronizedRootGroup section */
		25762D1A2FEDD6A000A132C8 /* CadenceWidget */ = {isa = PBXFileSystemSynchronizedRootGroup; exceptions = (25762D2A2FEDD6A100A132C8 /* PBXFileSystemSynchronizedBuildFileExceptionSet */, ); explicitFileTypes = {}; explicitFolders = (); path = CadenceWidget; sourceTree = "<group>"; };
/* End PBXFileSystemSynchronizedRootGroup section */

/* Begin PBXFrameworksBuildPhase section */
		25762D122FEDD6A000A132C8 /* Frameworks */ = {
			isa = PBXFrameworksBuildPhase;
			buildActionMask = 2147483647;
			files = (
				25762D192FEDD6A000A132C8 /* SwiftUI.framework in Frameworks */,
				25762D172FEDD6A000A132C8 /* WidgetKit.framework in Frameworks */,
			);
			runOnlyForDeploymentPostprocessing = 0;
		};
		4836B7A208C63E25610B6EAA /* Frameworks */ = {
			isa = PBXFrameworksBuildPhase;
			buildActionMask = 2147483647;
			files = (
				A23AD9351A5BCD460DCFD6BA /* Foundation.framework in Frameworks */,
				B6EB3F0F0BE48CBDC5D5BA4A /* SwiftUI in Frameworks */,
				9B471578B10D71BD04E4D8EC /* SwiftData in Frameworks */,
				6E176FA37AEA37AB2AC82BBD /* HealthKit in Frameworks */,
				51FDD5A6B4B6AD32AA8C1FC3 /* PDFKit in Frameworks */,
				88527D20AE2EA816F5769F78 /* StoreKit in Frameworks */,
				8BACA2ACB2FA242E3AD7EEAF /* UserNotifications in Frameworks */,
				23239E42D1F3B3CA44C8ECEF /* Charts in Frameworks */,
			);
			runOnlyForDeploymentPostprocessing = 0;
		};
		AA11BB22CC33DD44EE55FF80 /* Frameworks */ = {
			isa = PBXFrameworksBuildPhase;
			buildActionMask = 2147483647;
			files = (
			);
			runOnlyForDeploymentPostprocessing = 0;
		};
/* End PBXFrameworksBuildPhase section */

/* Begin PBXGroup section */
		0153DE30543A05D020CA5DCA /* Export */ = {
			isa = PBXGroup;
			children = (
				20317D6C051870F466BF81F7 /* ExportView.swift */,
				4A51F97BA927E7299C9A1B07 /* PDFBuilder.swift */,
				AABBCCDD0000000000000107 /* CSVBuilder.swift */,
			);
			name = Export;
			path = ./Cadence/Features/Export;
			sourceTree = "<group>";
		};
		24BED48A7D70DA34D92FA5F7 /* History */ = {
			isa = PBXGroup;
			children = (
				FF69CCB307CE7D5B6C39FDC1 /* HistoryView.swift */,
			);
			name = History;
			path = ./Cadence/Features/History;
			sourceTree = "<group>";
		};
		277D24392416FE5F01264815 /* Cadence */ = {
			isa = PBXGroup;
			children = (
				2549A45A2FC8ED8D006CD546 /* Cadence.entitlements */,
				8279F06CF02E34A4DFBDAE2C /* App */,
				7958486BAEBAB16194621DB2 /* Models */,
				99B3CBF8A633EE052DCFEA0D /* Shared */,
				E94E9A362B05ED767DA7391F /* Features */,
				E1CE51AFB4EF4572DC0216F7 /* Services */,
			);
			name = Cadence;
			path = ./Cadence;
			sourceTree = "<group>";
		};
		3BF4C09D4FC31AB4E3D6764B /* Insights */ = {
			isa = PBXGroup;
			children = (
				445D893A69E7D38B6B8C7E75 /* InsightsView.swift */,
				AABBCCDD000000000000010A /* InsightHistoryView.swift */,
				DCD1D6BAE9337E36C2D398B6 /* InsightsViewModel.swift */,
				97F2F799247C6E3C22DFB11D /* TrendChartView.swift */,
			);
			name = Insights;
			path = ./Cadence/Features/Insights;
			sourceTree = "<group>";
		};
		4E4C6FC200133FE2F1445DD3 /* Products */ = {
			isa = PBXGroup;
			children = (
				A54B34C3966B1BD7CE976D7F /* Cadence.app */,
				AA11BB22CC33DD44EE55FF05 /* CadenceTests.xctest */,
				25762D152FEDD6A000A132C8 /* CadenceWidgetExtension.appex */,
			);
			name = Products;
			sourceTree = "<group>";
		};
		509566C480DB428982A744DF /* Onboarding */ = {
			isa = PBXGroup;
			children = (
				8AB8956A0FB74B69BE644D59 /* OnboardingView.swift */,
			);
			name = Onboarding;
			path = ./Cadence/Features/Onboarding;
			sourceTree = "<group>";
		};
		566712BE75E891EF74090A51 /* Settings */ = {
			isa = PBXGroup;
			children = (
				A1B2C3D4E5F6A7B8C9D0E1F2 /* ProPaywallView.swift */,
				C644D07CF96C2AFA00637E3B /* SettingsView.swift */,
				AABBCCDD0000000000000102 /* MedicationsView.swift */,
				AABBCCDD0000000000000104 /* FlaresView.swift */,
				AABBCCDD0000000000000106 /* CustomTrackersView.swift */,
			);
			name = Settings;
			path = ./Cadence/Features/Settings;
			sourceTree = "<group>";
		};
		6D98C919022194518FB6B180 /* DailyLog */ = {
			isa = PBXGroup;
			children = (
				EA2C9315ED942B187FB6B889 /* DailyLogView.swift */,
				1622C330943A74E15575A681 /* DailyLogViewModel.swift */,
				AF1F493DB10A7FFE2F5A4863 /* LogInputFlow.swift */,
				AABBCCDD000000000000010D /* VoiceNote.swift */,
				B5792500A97EE8C382CEFDD9 /* SymptomPickerView.swift */,
			);
			name = DailyLog;
			path = ./Cadence/Features/DailyLog;
			sourceTree = "<group>";
		};
		7958486BAEBAB16194621DB2 /* Models */ = {
			isa = PBXGroup;
			children = (
				990D941EB5FC46F95C213CEE /* DailyLog.swift */,
				AABBCCDD0000000000000101 /* Medication.swift */,
				AABBCCDD0000000000000103 /* Flare.swift */,
				AABBCCDD0000000000000105 /* CustomTracker.swift */,
				AABBCCDD0000000000000108 /* InsightRecord.swift */,
				AABBCCDD000000000000010B /* Attachment.swift */,
				0B648EA00AEBF0DFCC18871A /* SymptomTag.swift */,
				F477B83B1C570CD91200BB18 /* WeeklyReview.swift */,
			);
			name = Models;
			path = ./Cadence/Models;
			sourceTree = "<group>";
		};
		7C56E4B5A5C2461A17944B1E /* iOS */ = {
			isa = PBXGroup;
			children = (
				ABD3C5951CAE74F5C1693742 /* Foundation.framework */,
			);
			name = iOS;
			sourceTree = "<group>";
		};
		8279F06CF02E34A4DFBDAE2C /* App */ = {
			isa = PBXGroup;
			children = (
				C91AC27A765654C1A1DFFBD5 /* AppState.swift */,
				5C4C885C564C706B8D84B907 /* CadenceApp.swift */,
				26D33A415B0A6E15E6DA6EA9 /* Info.plist */,
			);
			name = App;
			path = ./Cadence/App;
			sourceTree = "<group>";
		};
		873EF2622DC8CC352B007FB2 = {
			isa = PBXGroup;
			children = (
				25762D602FEDDCD400A132C8 /* CadenceWidgetExtension.entitlements */,
				2549A45B2FC8EF0A006CD546 /* Assets.xcassets */,
				CCAADDEE00000000000000F1 /* Localizable.xcstrings */,
				25762D1A2FEDD6A000A132C8 /* CadenceWidget */,
				4E4C6FC200133FE2F1445DD3 /* Products */,
				952AD024FE81537D998956A8 /* Frameworks */,
				277D24392416FE5F01264815 /* Cadence */,
				AA11BB22CC33DD44EE55FF90 /* CadenceTests */,
			);
			sourceTree = "<group>";
		};
		952AD024FE81537D998956A8 /* Frameworks */ = {
			isa = PBXGroup;
			children = (
				7C56E4B5A5C2461A17944B1E /* iOS */,
				A0D01DD5A2B033204335261E /* SwiftUI */,
				EB8A65FA882473E559C0012B /* SwiftData */,
				ADCC6B77E8E1D5DB3D6A5BDA /* HealthKit */,
				E7E30F7C88B6A00D34FE6223 /* PDFKit */,
				8F825BAF03150A00C8047D70 /* StoreKit */,
				54EC79110025DF66E8C1F0A7 /* UserNotifications */,
				D6A78715684ABBEB502D55E2 /* Charts */,
				25762D162FEDD6A000A132C8 /* WidgetKit.framework */,
				25762D182FEDD6A000A132C8 /* SwiftUI.framework */,
			);
			name = Frameworks;
			sourceTree = "<group>";
		};
		99B3CBF8A633EE052DCFEA0D /* Shared */ = {
			isa = PBXGroup;
			children = (
				D55E0D4A1C0EC289C9F389C4 /* Constants.swift */,
				AABBCCDD000000000000010E /* WidgetData.swift */,
				5D8C849E3B044CB78A9DB7B5 /* EnvironmentValues+Services.swift */,
				E5E9C09A264DBCDC2F0DFEFA /* MetricSlider.swift */,
				0D51242137B1F8597625745E /* View+Extensions.swift */,
			);
			name = Shared;
			path = ./Cadence/Shared;
			sourceTree = "<group>";
		};
		9B6522391260C486E33059D2 /* Dashboard */ = {
			isa = PBXGroup;
			children = (
				F2D16D6D99B17D8C2E042D3F /* DashboardView.swift */,
				4E79E8D29A40DF8EC23AE638 /* DashboardViewModel.swift */,
			);
			name = Dashboard;
			path = ./Cadence/Features/Dashboard;
			sourceTree = "<group>";
		};
		AA11BB22CC33DD44EE55FF90 /* CadenceTests */ = {
			isa = PBXGroup;
			children = (
				AA11BB22CC33DD44EE55FF01 /* PatternEngineTests.swift */,
				AA11BB22CC33DD44EE55FF02 /* StoreServiceTests.swift */,
				AA11BB22CC33DD44EE55FF03 /* SchemaMigrationTests.swift */,
				AA11BB22CC33DD44EE55FF04 /* HealthKitServiceTests.swift */,
				AA11BB22CC33DD44EE55FF06 /* ViewModelSaveTests.swift */,
				AA11BB22CC33DD44EE55FF07 /* NotificationServiceTests.swift */,
			);
			name = CadenceTests;
			path = ../CadenceTests;
			sourceTree = "<group>";
		};
		C3961696F5819833B4F06C3C /* WeeklyReview */ = {
			isa = PBXGroup;
			children = (
				11A96675ADF9BC9D5E22B8EC /* PromptCardView.swift */,
				1C82A14983F2F53FA4220A9E /* ReviewFlowView.swift */,
				680C40C33549B696DF6BA3A5 /* WeeklyReviewView.swift */,
				C7E81365F433003269081917 /* WeeklyReviewViewModel.swift */,
			);
			name = WeeklyReview;
			path = ./Cadence/Features/WeeklyReview;
			sourceTree = "<group>";
		};
		E1CE51AFB4EF4572DC0216F7 /* Services */ = {
			isa = PBXGroup;
			children = (
				1A7F46C62532314DD37DC860 /* HealthKitService.swift */,
				A292713D8D2930BB2E51C28C /* NotificationService.swift */,
				3F0989CA66FE09F78B729A4E /* PatternEngine.swift */,
				AABBCCDD0000000000000109 /* InsightRecorder.swift */,
				AABBCCDD000000000000010C /* AttachmentStore.swift */,
				493F590706A348D0857DA49A /* ServiceProtocols.swift */,
				7F51B62D7D39FC0309276D9D /* StoreService.swift */,
			);
			name = Services;
			path = ./Cadence/Services;
			sourceTree = "<group>";
		};
		E94E9A362B05ED767DA7391F /* Features */ = {
			isa = PBXGroup;
			children = (
				9B6522391260C486E33059D2 /* Dashboard */,
				6D98C919022194518FB6B180 /* DailyLog */,
				509566C480DB428982A744DF /* Onboarding */,
				C3961696F5819833B4F06C3C /* WeeklyReview */,
				3BF4C09D4FC31AB4E3D6764B /* Insights */,
				24BED48A7D70DA34D92FA5F7 /* History */,
				0153DE30543A05D020CA5DCA /* Export */,
				566712BE75E891EF74090A51 /* Settings */,
			);
			name = Features;
			sourceTree = "<group>";
		};
/* End PBXGroup section */

/* Begin PBXNativeTarget section */
		25762D142FEDD6A000A132C8 /* CadenceWidgetExtension */ = {
			isa = PBXNativeTarget;
			buildConfigurationList = 25762D2B2FEDD6A100A132C8 /* Build configuration list for PBXNativeTarget "CadenceWidgetExtension" */;
			buildPhases = (
				25762D112FEDD6A000A132C8 /* Sources */,
				25762D122FEDD6A000A132C8 /* Frameworks */,
				25762D132FEDD6A000A132C8 /* Resources */,
			);
			buildRules = (
			);
			dependencies = (
			);
			fileSystemSynchronizedGroups = (
				25762D1A2FEDD6A000A132C8 /* CadenceWidget */,
			);
			name = CadenceWidgetExtension;
			packageProductDependencies = (
			);
			productName = CadenceWidgetExtension;
			productReference = 25762D152FEDD6A000A132C8 /* CadenceWidgetExtension.appex */;
			productType = "com.apple.product-type.app-extension";
		};
		AA11BB22CC33DD44EE55FFA0 /* CadenceTests */ = {
			isa = PBXNativeTarget;
			buildConfigurationList = AA11BB22CC33DD44EE55FFB0 /* Build configuration list for PBXNativeTarget "CadenceTests" */;
			buildPhases = (
				AA11BB22CC33DD44EE55FFC0 /* Sources */,
				AA11BB22CC33DD44EE55FF80 /* Frameworks */,
			);
			buildRules = (
			);
			dependencies = (
				AA11BB22CC33DD44EE55FF71 /* PBXTargetDependency */,
			);
			name = CadenceTests;
			productName = CadenceTests;
			productReference = AA11BB22CC33DD44EE55FF05 /* CadenceTests.xctest */;
			productType = "com.apple.product-type.bundle.unit-test";
		};
		B4DC90E61DEB4E78C2EE8C78 /* Cadence */ = {
			isa = PBXNativeTarget;
			buildConfigurationList = 25D6C2D6C8A12F80DA9DA295 /* Build configuration list for PBXNativeTarget "Cadence" */;
			buildPhases = (
				A0F89AD0AEDEF99B5A5606CB /* Sources */,
				4836B7A208C63E25610B6EAA /* Frameworks */,
				6C0777D40FFBC1856C8B9BB0 /* Resources */,
				25762D272FEDD6A100A132C8 /* Embed Foundation Extensions */,
			);
			buildRules = (
			);
			dependencies = (
				25762D252FEDD6A100A132C8 /* PBXTargetDependency */,
			);
			name = Cadence;
			productName = Cadence;
			productReference = A54B34C3966B1BD7CE976D7F /* Cadence.app */;
			productType = "com.apple.product-type.application";
		};
/* End PBXNativeTarget section */

/* Begin PBXProject section */
		9E1F3F9027B3FBC8AA55CA8E /* Project object */ = {
			isa = PBXProject;
			attributes = {
				BuildIndependentTargetsInParallel = YES;
				LastSwiftUpdateCheck = 2640;
				LastUpgradeCheck = 2640;
				TargetAttributes = {
					25762D142FEDD6A000A132C8 = {
						CreatedOnToolsVersion = 26.4;
					};
				};
			};
			buildConfigurationList = 46B01E1B035F09B302AC1208 /* Build configuration list for PBXProject "Cadence" */;
			compatibilityVersion = "Xcode 3.2";
			developmentRegion = en;
			hasScannedForEncodings = 0;
			knownRegions = (
				en,
				Base,
			);
			mainGroup = 873EF2622DC8CC352B007FB2;
			productRefGroup = 4E4C6FC200133FE2F1445DD3 /* Products */;
			projectDirPath = "";
			projectRoot = "";
			targets = (
				B4DC90E61DEB4E78C2EE8C78 /* Cadence */,
				AA11BB22CC33DD44EE55FFA0 /* CadenceTests */,
				25762D142FEDD6A000A132C8 /* CadenceWidgetExtension */,
			);
		};
/* End PBXProject section */

/* Begin PBXResourcesBuildPhase section */
		25762D132FEDD6A000A132C8 /* Resources */ = {
			isa = PBXResourcesBuildPhase;
			buildActionMask = 2147483647;
			files = (
			);
			runOnlyForDeploymentPostprocessing = 0;
		};
		6C0777D40FFBC1856C8B9BB0 /* Resources */ = {
			isa = PBXResourcesBuildPhase;
			buildActionMask = 2147483647;
			files = (
				2549A45C2FC8EF0A006CD546 /* Assets.xcassets in Resources */,
				CCAADDEE00000000000000B1 /* Localizable.xcstrings in Resources */,
			);
			runOnlyForDeploymentPostprocessing = 0;
		};
/* End PBXResourcesBuildPhase section */

/* Begin PBXSourcesBuildPhase section */
		25762D112FEDD6A000A132C8 /* Sources */ = {
			isa = PBXSourcesBuildPhase;
			buildActionMask = 2147483647;
			files = (
			);
			runOnlyForDeploymentPostprocessing = 0;
		};
		A0F89AD0AEDEF99B5A5606CB /* Sources */ = {
			isa = PBXSourcesBuildPhase;
			buildActionMask = 2147483647;
			files = (
				C7F20E34EA5B3C5F84042DA4 /* AppState.swift in Sources */,
				C49760CE40DE564E9402A446 /* CadenceApp.swift in Sources */,
				455141101502412D92E7CB50 /* ServiceProtocols.swift in Sources */,
				9007904B6F984195944DC622 /* EnvironmentValues+Services.swift in Sources */,
				4B6391ABC53847B082A5D7CB /* OnboardingView.swift in Sources */,
				3D207A23376DB2750B758A61 /* DailyLog.swift in Sources */,
				AABBCCDD0000000000000201 /* Medication.swift in Sources */,
				AABBCCDD0000000000000202 /* MedicationsView.swift in Sources */,
				AABBCCDD0000000000000203 /* Flare.swift in Sources */,
				AABBCCDD0000000000000204 /* FlaresView.swift in Sources */,
				AABBCCDD0000000000000205 /* CustomTracker.swift in Sources */,
				AABBCCDD0000000000000206 /* CustomTrackersView.swift in Sources */,
				3831F66F2CF40135C9718707 /* SymptomTag.swift in Sources */,
				30D5FC0958DF5823D7D5A9D6 /* WeeklyReview.swift in Sources */,
				4F352F41B25B06C32AA0BC05 /* Constants.swift in Sources */,
				AABBCCDD000000000000020E /* WidgetData.swift in Sources */,
				3A33703C608D9B41673CD755 /* MetricSlider.swift in Sources */,
				20230AD97F5885D21E64CA05 /* View+Extensions.swift in Sources */,
				F5A197BE0882ED0B9566160F /* DashboardView.swift in Sources */,
				8002299E6F1762F96BCC2BCD /* DashboardViewModel.swift in Sources */,
				2E030EDD7DE7E2C321D0B7DE /* DailyLogView.swift in Sources */,
				46261271D23E287938897B70 /* DailyLogViewModel.swift in Sources */,
				BB6405EE18F6B6D698226AB6 /* LogInputFlow.swift in Sources */,
				AABBCCDD000000000000020D /* VoiceNote.swift in Sources */,
				B52AE232D80E6360C8C86490 /* SymptomPickerView.swift in Sources */,
				593B150FEF1DA99C3B9F0E13 /* PromptCardView.swift in Sources */,
				E66B7D4A5BF69E6B35416140 /* ReviewFlowView.swift in Sources */,
				B6B76E4EF6D92F7B5179ADC8 /* WeeklyReviewView.swift in Sources */,
				1C70D1D1A3D941C21FB5FFAD /* WeeklyReviewViewModel.swift in Sources */,
				233F59322A7A81F6487EF3DF /* InsightsView.swift in Sources */,
				6AF523BB7E4550CF5533CCE1 /* InsightsViewModel.swift in Sources */,
				0623DDEF138C346D2B459596 /* TrendChartView.swift in Sources */,
				1382864E5B8432AD840590BD /* HistoryView.swift in Sources */,
				D7F560CFF67830EE4B7964D0 /* ExportView.swift in Sources */,
				0745304541CC789DE9CAECA8 /* PDFBuilder.swift in Sources */,
				AABBCCDD0000000000000207 /* CSVBuilder.swift in Sources */,
				C7A67B11D453A48F3C8FD239 /* SettingsView.swift in Sources */,
				E1B2C3D4F5A6B7C8D9E0F1A2 /* ProPaywallView.swift in Sources */,
				D7C825C8710DDE261D377518 /* HealthKitService.swift in Sources */,
				1D96522AE7200D9F795F68E8 /* NotificationService.swift in Sources */,
				D34167FEC6764BB077D2EC46 /* PatternEngine.swift in Sources */,
				AABBCCDD0000000000000208 /* InsightRecord.swift in Sources */,
				AABBCCDD0000000000000209 /* InsightRecorder.swift in Sources */,
				AABBCCDD000000000000020A /* InsightHistoryView.swift in Sources */,
				AABBCCDD000000000000020B /* Attachment.swift in Sources */,
				AABBCCDD000000000000020C /* AttachmentStore.swift in Sources */,
				D45ECE5968E07CA77E8B26D5 /* StoreService.swift in Sources */,
			);
			runOnlyForDeploymentPostprocessing = 0;
		};
		AA11BB22CC33DD44EE55FFC0 /* Sources */ = {
			isa = PBXSourcesBuildPhase;
			buildActionMask = 2147483647;
			files = (
				AA11BB22CC33DD44EE55FF61 /* PatternEngineTests.swift in Sources */,
				AA11BB22CC33DD44EE55FF62 /* StoreServiceTests.swift in Sources */,
				AA11BB22CC33DD44EE55FF63 /* SchemaMigrationTests.swift in Sources */,
				AA11BB22CC33DD44EE55FF64 /* HealthKitServiceTests.swift in Sources */,
				AA11BB22CC33DD44EE55FF66 /* ViewModelSaveTests.swift in Sources */,
				AA11BB22CC33DD44EE55FF67 /* NotificationServiceTests.swift in Sources */,
			);
			runOnlyForDeploymentPostprocessing = 0;
		};
/* End PBXSourcesBuildPhase section */

/* Begin PBXTargetDependency section */
		25762D252FEDD6A100A132C8 /* PBXTargetDependency */ = {
			isa = PBXTargetDependency;
			target = 25762D142FEDD6A000A132C8 /* CadenceWidgetExtension */;
			targetProxy = 25762D242FEDD6A100A132C8 /* PBXContainerItemProxy */;
		};
		AA11BB22CC33DD44EE55FF71 /* PBXTargetDependency */ = {
			isa = PBXTargetDependency;
			target = B4DC90E61DEB4E78C2EE8C78 /* Cadence */;
			targetProxy = AA11BB22CC33DD44EE55FF70 /* PBXContainerItemProxy */;
		};
/* End PBXTargetDependency section */

/* Begin XCBuildConfiguration section */
		25762D282FEDD6A100A132C8 /* Debug */ = {
			isa = XCBuildConfiguration;
			buildSettings = {
				ASSETCATALOG_COMPILER_GENERATE_SWIFT_ASSET_SYMBOL_EXTENSIONS = YES;
				ASSETCATALOG_COMPILER_GLOBAL_ACCENT_COLOR_NAME = AccentColor;
				ASSETCATALOG_COMPILER_WIDGET_BACKGROUND_COLOR_NAME = WidgetBackground;
				CLANG_CXX_LANGUAGE_STANDARD = "gnu++20";
				CODE_SIGN_ENTITLEMENTS = CadenceWidgetExtension.entitlements;
				CODE_SIGN_IDENTITY = "Apple Development";
				CODE_SIGN_STYLE = Automatic;
				CURRENT_PROJECT_VERSION = 1;
				DEVELOPMENT_TEAM = 4NWCR79S38;
				GCC_C_LANGUAGE_STANDARD = gnu17;
				GENERATE_INFOPLIST_FILE = YES;
				INFOPLIST_FILE = CadenceWidget/Info.plist;
				INFOPLIST_KEY_CFBundleDisplayName = CadenceWidget;
				INFOPLIST_KEY_NSHumanReadableCopyright = "";
				IPHONEOS_DEPLOYMENT_TARGET = 26.4;
				LD_RUNPATH_SEARCH_PATHS = (
					"$(inherited)",
					"@executable_path/Frameworks",
					"@executable_path/../../Frameworks",
				);
				LOCALIZATION_PREFERS_STRING_CATALOGS = YES;
				MARKETING_VERSION = 1.0;
				PRODUCT_BUNDLE_IDENTIFIER = com.carpecadence.app.CadenceWidget;
				PRODUCT_NAME = "$(TARGET_NAME)";
				SDKROOT = iphoneos;
				SKIP_INSTALL = YES;
				STRING_CATALOG_GENERATE_SYMBOLS = YES;
				SWIFT_ACTIVE_COMPILATION_CONDITIONS = "DEBUG $(inherited)";
				SWIFT_APPROACHABLE_CONCURRENCY = YES;
				SWIFT_EMIT_LOC_STRINGS = YES;
				SWIFT_UPCOMING_FEATURE_MEMBER_IMPORT_VISIBILITY = YES;
				SWIFT_VERSION = 5.0;
				TARGETED_DEVICE_FAMILY = "1,2";
			};
			name = Debug;
		};
		25762D292FEDD6A100A132C8 /* Release */ = {
			isa = XCBuildConfiguration;
			buildSettings = {
				ASSETCATALOG_COMPILER_GENERATE_SWIFT_ASSET_SYMBOL_EXTENSIONS = YES;
				ASSETCATALOG_COMPILER_GLOBAL_ACCENT_COLOR_NAME = AccentColor;
				ASSETCATALOG_COMPILER_WIDGET_BACKGROUND_COLOR_NAME = WidgetBackground;
				CLANG_CXX_LANGUAGE_STANDARD = "gnu++20";
				CODE_SIGN_ENTITLEMENTS = CadenceWidgetExtension.entitlements;
				CODE_SIGN_IDENTITY = "Apple Development";
				CODE_SIGN_STYLE = Automatic;
				CURRENT_PROJECT_VERSION = 1;
				DEVELOPMENT_TEAM = 4NWCR79S38;
				GCC_C_LANGUAGE_STANDARD = gnu17;
				GENERATE_INFOPLIST_FILE = YES;
				INFOPLIST_FILE = CadenceWidget/Info.plist;
				INFOPLIST_KEY_CFBundleDisplayName = CadenceWidget;
				INFOPLIST_KEY_NSHumanReadableCopyright = "";
				IPHONEOS_DEPLOYMENT_TARGET = 26.4;
				LD_RUNPATH_SEARCH_PATHS = (
					"$(inherited)",
					"@executable_path/Frameworks",
					"@executable_path/../../Frameworks",
				);
				LOCALIZATION_PREFERS_STRING_CATALOGS = YES;
				MARKETING_VERSION = 1.0;
				PRODUCT_BUNDLE_IDENTIFIER = com.carpecadence.app.CadenceWidget;
				PRODUCT_NAME = "$(TARGET_NAME)";
				SDKROOT = iphoneos;
				SKIP_INSTALL = YES;
				STRING_CATALOG_GENERATE_SYMBOLS = YES;
				SWIFT_APPROACHABLE_CONCURRENCY = YES;
				SWIFT_EMIT_LOC_STRINGS = YES;
				SWIFT_UPCOMING_FEATURE_MEMBER_IMPORT_VISIBILITY = YES;
				SWIFT_VERSION = 5.0;
				TARGETED_DEVICE_FAMILY = "1,2";
				VALIDATE_PRODUCT = YES;
			};
			name = Release;
		};
		9DD96228C02788990F7EA33D /* Release */ = {
			isa = XCBuildConfiguration;
			buildSettings = {
				ALWAYS_SEARCH_USER_PATHS = NO;
				CLANG_ANALYZER_NONNULL = YES;
				CLANG_ANALYZER_NUMBER_OBJECT_CONVERSION = YES_AGGRESSIVE;
				CLANG_CXX_LANGUAGE_STANDARD = "gnu++14";
				CLANG_CXX_LIBRARY = "libc++";
				CLANG_ENABLE_MODULES = YES;
				CLANG_ENABLE_OBJC_ARC = YES;
				CLANG_ENABLE_OBJC_WEAK = YES;
				CLANG_WARN_BLOCK_CAPTURE_AUTORELEASING = YES;
				CLANG_WARN_BOOL_CONVERSION = YES;
				CLANG_WARN_COMMA = YES;
				CLANG_WARN_CONSTANT_CONVERSION = YES;
				CLANG_WARN_DEPRECATED_OBJC_IMPLEMENTATIONS = YES;
				CLANG_WARN_DIRECT_OBJC_ISA_USAGE = YES_ERROR;
				CLANG_WARN_DOCUMENTATION_COMMENTS = YES;
				CLANG_WARN_EMPTY_BODY = YES;
				CLANG_WARN_ENUM_CONVERSION = YES;
				CLANG_WARN_INFINITE_RECURSION = YES;
				CLANG_WARN_INT_CONVERSION = YES;
				CLANG_WARN_NON_LITERAL_NULL_CONVERSION = YES;
				CLANG_WARN_OBJC_IMPLICIT_RETAIN_SELF = YES;
				CLANG_WARN_OBJC_LITERAL_CONVERSION = YES;
				CLANG_WARN_OBJC_ROOT_CLASS = YES_ERROR;
				CLANG_WARN_QUOTED_INCLUDE_IN_FRAMEWORK_HEADER = YES;
				CLANG_WARN_RANGE_LOOP_ANALYSIS = YES;
				CLANG_WARN_STRICT_PROTOTYPES = YES;
				CLANG_WARN_SUSPICIOUS_MOVE = YES;
				CLANG_WARN_UNGUARDED_AVAILABILITY = YES_AGGRESSIVE;
				CLANG_WARN_UNREACHABLE_CODE = YES;
				CLANG_WARN__DUPLICATE_METHOD_MATCH = YES;
				CODE_SIGN_STYLE = Automatic;
				COPY_PHASE_STRIP = NO;
				DEAD_CODE_STRIPPING = YES;
				DEBUG_INFORMATION_FORMAT = "dwarf-with-dsym";
				DEVELOPMENT_TEAM = "";
				ENABLE_NS_ASSERTIONS = NO;
				ENABLE_PREVIEWS = YES;
				ENABLE_STRICT_OBJC_MSGSEND = YES;
				ENABLE_USER_SCRIPT_SANDBOXING = YES;
				GCC_C_LANGUAGE_STANDARD = gnu11;
				GCC_NO_COMMON_BLOCKS = YES;
				GCC_WARN_64_TO_32_BIT_CONVERSION = YES;
				GCC_WARN_ABOUT_RETURN_TYPE = YES_ERROR;
				GCC_WARN_UNDECLARED_SELECTOR = YES;
				GCC_WARN_UNINITIALIZED_AUTOS = YES_AGGRESSIVE;
				GCC_WARN_UNUSED_FUNCTION = YES;
				GCC_WARN_UNUSED_VARIABLE = YES;
				INFOPLIST_FILE = Cadence/App/Info.plist;
				IPHONEOS_DEPLOYMENT_TARGET = 17.0;
				MTL_ENABLE_DEBUG_INFO = NO;
				MTL_FAST_MATH = YES;
				PRODUCT_BUNDLE_IDENTIFIER = com.carpecadence.app;
				PRODUCT_NAME = Cadence;
				STRING_CATALOG_GENERATE_SYMBOLS = YES;
				SWIFT_COMPILATION_MODE = wholemodule;
				SWIFT_EMIT_LOC_STRINGS = YES;
				SWIFT_OPTIMIZATION_LEVEL = "-O";
				SWIFT_VERSION = 5.9;
				TARGETED_DEVICE_FAMILY = 1;
			};
			name = Release;
		};
		AA11BB22CC33DD44EE55FFD1 /* Debug */ = {
			isa = XCBuildConfiguration;
			buildSettings = {
				BUNDLE_LOADER = "$(TEST_HOST)";
				CODE_SIGN_STYLE = Automatic;
				DEVELOPMENT_TEAM = 4NWCR79S38;
				IPHONEOS_DEPLOYMENT_TARGET = 17.0;
				LD_RUNPATH_SEARCH_PATHS = (
					"$(inherited)",
					"@executable_path/Frameworks",
					"@loader_path/Frameworks",
				);
				PRODUCT_BUNDLE_IDENTIFIER = com.carpecadence.app.tests;
				PRODUCT_NAME = CadenceTests;
				SDKROOT = iphoneos;
				SWIFT_VERSION = 5.9;
				TARGETED_DEVICE_FAMILY = 1;
				TEST_HOST = "$(BUILT_PRODUCTS_DIR)/Cadence.app/Cadence";
			};
			name = Debug;
		};
		AA11BB22CC33DD44EE55FFD2 /* Release */ = {
			isa = XCBuildConfiguration;
			buildSettings = {
				BUNDLE_LOADER = "$(TEST_HOST)";
				CODE_SIGN_STYLE = Automatic;
				DEVELOPMENT_TEAM = 4NWCR79S38;
				IPHONEOS_DEPLOYMENT_TARGET = 17.0;
				LD_RUNPATH_SEARCH_PATHS = (
					"$(inherited)",
					"@executable_path/Frameworks",
					"@loader_path/Frameworks",
				);
				PRODUCT_BUNDLE_IDENTIFIER = com.carpecadence.app.tests;
				PRODUCT_NAME = CadenceTests;
				SDKROOT = iphoneos;
				SWIFT_VERSION = 5.9;
				TARGETED_DEVICE_FAMILY = 1;
				TEST_HOST = "$(BUILT_PRODUCTS_DIR)/Cadence.app/Cadence";
			};
			name = Release;
		};
		B29F4047E2C7786AD7F2BDC1 /* Debug */ = {
			isa = XCBuildConfiguration;
			buildSettings = {
				ALWAYS_SEARCH_USER_PATHS = NO;
				CLANG_ANALYZER_NONNULL = YES;
				CLANG_ANALYZER_NUMBER_OBJECT_CONVERSION = YES_AGGRESSIVE;
				CLANG_CXX_LANGUAGE_STANDARD = "gnu++14";
				CLANG_CXX_LIBRARY = "libc++";
				CLANG_ENABLE_MODULES = YES;
				CLANG_ENABLE_OBJC_ARC = YES;
				CLANG_ENABLE_OBJC_WEAK = YES;
				CLANG_WARN_BLOCK_CAPTURE_AUTORELEASING = YES;
				CLANG_WARN_BOOL_CONVERSION = YES;
				CLANG_WARN_COMMA = YES;
				CLANG_WARN_CONSTANT_CONVERSION = YES;
				CLANG_WARN_DEPRECATED_OBJC_IMPLEMENTATIONS = YES;
				CLANG_WARN_DIRECT_OBJC_ISA_USAGE = YES_ERROR;
				CLANG_WARN_DOCUMENTATION_COMMENTS = YES;
				CLANG_WARN_EMPTY_BODY = YES;
				CLANG_WARN_ENUM_CONVERSION = YES;
				CLANG_WARN_INFINITE_RECURSION = YES;
				CLANG_WARN_INT_CONVERSION = YES;
				CLANG_WARN_NON_LITERAL_NULL_CONVERSION = YES;
				CLANG_WARN_OBJC_IMPLICIT_RETAIN_SELF = YES;
				CLANG_WARN_OBJC_LITERAL_CONVERSION = YES;
				CLANG_WARN_OBJC_ROOT_CLASS = YES_ERROR;
				CLANG_WARN_QUOTED_INCLUDE_IN_FRAMEWORK_HEADER = YES;
				CLANG_WARN_RANGE_LOOP_ANALYSIS = YES;
				CLANG_WARN_STRICT_PROTOTYPES = YES;
				CLANG_WARN_SUSPICIOUS_MOVE = YES;
				CLANG_WARN_UNGUARDED_AVAILABILITY = YES_AGGRESSIVE;
				CLANG_WARN_UNREACHABLE_CODE = YES;
				CLANG_WARN__DUPLICATE_METHOD_MATCH = YES;
				CODE_SIGN_STYLE = Automatic;
				COPY_PHASE_STRIP = NO;
				DEAD_CODE_STRIPPING = YES;
				DEBUG_INFORMATION_FORMAT = dwarf;
				DEVELOPMENT_TEAM = "";
				ENABLE_PREVIEWS = YES;
				ENABLE_STRICT_OBJC_MSGSEND = YES;
				ENABLE_TESTABILITY = YES;
				ENABLE_USER_SCRIPT_SANDBOXING = YES;
				GCC_C_LANGUAGE_STANDARD = gnu11;
				GCC_DYNAMIC_NO_PIC = NO;
				GCC_NO_COMMON_BLOCKS = YES;
				GCC_OPTIMIZATION_LEVEL = 0;
				GCC_PREPROCESSOR_DEFINITIONS = (
					"DEBUG=1",
					"$(inherited)",
				);
				GCC_WARN_64_TO_32_BIT_CONVERSION = YES;
				GCC_WARN_ABOUT_RETURN_TYPE = YES_ERROR;
				GCC_WARN_UNDECLARED_SELECTOR = YES;
				GCC_WARN_UNINITIALIZED_AUTOS = YES_AGGRESSIVE;
				GCC_WARN_UNUSED_FUNCTION = YES;
				GCC_WARN_UNUSED_VARIABLE = YES;
				INFOPLIST_FILE = Cadence/App/Info.plist;
				IPHONEOS_DEPLOYMENT_TARGET = 17.0;
				MTL_ENABLE_DEBUG_INFO = INCLUDE_SOURCE;
				MTL_FAST_MATH = YES;
				ONLY_ACTIVE_ARCH = YES;
				PRODUCT_BUNDLE_IDENTIFIER = com.carpecadence.app;
				PRODUCT_NAME = Cadence;
				STRING_CATALOG_GENERATE_SYMBOLS = YES;
				SWIFT_ACTIVE_COMPILATION_CONDITIONS = DEBUG;
				SWIFT_EMIT_LOC_STRINGS = YES;
				SWIFT_OPTIMIZATION_LEVEL = "-Onone";
				SWIFT_VERSION = 5.9;
				TARGETED_DEVICE_FAMILY = 1;
			};
			name = Debug;
		};
		B3E5E003DC8BB6F481BA5FBC /* Release */ = {
			isa = XCBuildConfiguration;
			buildSettings = {
				ASSETCATALOG_COMPILER_APPICON_NAME = AppIcon;
				ASSETCATALOG_COMPILER_GLOBAL_ACCENT_COLOR_NAME = AccentColor;
				CLANG_ENABLE_OBJC_WEAK = NO;
				CODE_SIGN_ENTITLEMENTS = Cadence/Cadence.entitlements;
				CODE_SIGN_IDENTITY = "Apple Development";
				CODE_SIGN_STYLE = Automatic;
				DEVELOPMENT_TEAM = 4NWCR79S38;
				ENABLE_PREVIEWS = YES;
				INFOPLIST_FILE = Cadence/App/Info.plist;
				INFOPLIST_KEY_LSApplicationCategoryType = "public.app-category.healthcare-fitness";
				IPHONEOS_DEPLOYMENT_TARGET = 17.0;
				LD_RUNPATH_SEARCH_PATHS = (
					"$(inherited)",
					"@executable_path/Frameworks",
				);
				MARKETING_VERSION = 1;
				PRODUCT_BUNDLE_IDENTIFIER = com.carpecadence.app;
				PRODUCT_NAME = Cadence;
				PROVISIONING_PROFILE_SPECIFIER = "";
				SDKROOT = iphoneos;
				SWIFT_EMIT_LOC_STRINGS = YES;
				SWIFT_VERSION = 5.9;
				TARGETED_DEVICE_FAMILY = 1;
				VALIDATE_PRODUCT = YES;
			};
			name = Release;
		};
		DF82B72CCCC239D3802DE99E /* Debug */ = {
			isa = XCBuildConfiguration;
			buildSettings = {
				ASSETCATALOG_COMPILER_APPICON_NAME = AppIcon;
				ASSETCATALOG_COMPILER_GLOBAL_ACCENT_COLOR_NAME = AccentColor;
				CLANG_ENABLE_OBJC_WEAK = NO;
				CODE_SIGN_ENTITLEMENTS = Cadence/Cadence.entitlements;
				CODE_SIGN_IDENTITY = "Apple Development";
				CODE_SIGN_STYLE = Automatic;
				DEVELOPMENT_TEAM = 4NWCR79S38;
				ENABLE_PREVIEWS = YES;
				INFOPLIST_FILE = Cadence/App/Info.plist;
				INFOPLIST_KEY_LSApplicationCategoryType = "public.app-category.healthcare-fitness";
				IPHONEOS_DEPLOYMENT_TARGET = 17.0;
				LD_RUNPATH_SEARCH_PATHS = (
					"$(inherited)",
					"@executable_path/Frameworks",
				);
				MARKETING_VERSION = 1;
				PRODUCT_BUNDLE_IDENTIFIER = com.carpecadence.app;
				PRODUCT_NAME = Cadence;
				PROVISIONING_PROFILE_SPECIFIER = "";
				SDKROOT = iphoneos;
				SWIFT_EMIT_LOC_STRINGS = YES;
				SWIFT_VERSION = 5.9;
				TARGETED_DEVICE_FAMILY = 1;
			};
			name = Debug;
		};
/* End XCBuildConfiguration section */

/* Begin XCConfigurationList section */
		25762D2B2FEDD6A100A132C8 /* Build configuration list for PBXNativeTarget "CadenceWidgetExtension" */ = {
			isa = XCConfigurationList;
			buildConfigurations = (
				25762D282FEDD6A100A132C8 /* Debug */,
				25762D292FEDD6A100A132C8 /* Release */,
			);
			defaultConfigurationIsVisible = 0;
			defaultConfigurationName = Release;
		};
		25D6C2D6C8A12F80DA9DA295 /* Build configuration list for PBXNativeTarget "Cadence" */ = {
			isa = XCConfigurationList;
			buildConfigurations = (
				B3E5E003DC8BB6F481BA5FBC /* Release */,
				DF82B72CCCC239D3802DE99E /* Debug */,
			);
			defaultConfigurationIsVisible = 0;
			defaultConfigurationName = Release;
		};
		46B01E1B035F09B302AC1208 /* Build configuration list for PBXProject "Cadence" */ = {
			isa = XCConfigurationList;
			buildConfigurations = (
				B29F4047E2C7786AD7F2BDC1 /* Debug */,
				9DD96228C02788990F7EA33D /* Release */,
			);
			defaultConfigurationIsVisible = 0;
			defaultConfigurationName = Release;
		};
		AA11BB22CC33DD44EE55FFB0 /* Build configuration list for PBXNativeTarget "CadenceTests" */ = {
			isa = XCConfigurationList;
			buildConfigurations = (
				AA11BB22CC33DD44EE55FFD1 /* Debug */,
				AA11BB22CC33DD44EE55FFD2 /* Release */,
			);
			defaultConfigurationIsVisible = 0;
			defaultConfigurationName = Release;
		};
/* End XCConfigurationList section */
	};
	rootObject = 9E1F3F9027B3FBC8AA55CA8E /* Project object */;
}
